Microsoft Visual Studio Solution File, Format Version 12.00
# Visual Studio Version 17
VisualStudioVersion = 17.0.31903.59
MinimumVisualStudioVersion = 10.0.40219.1
Project("{2150E333-8FDC-42A3-9474-1A3956D46DE8}") = "MCP", "MCP", "{60D02A9B-BD8A-21E2-79E7-27A6B3D0EB49}"
EndProject
Project("{2150E333-8FDC-42A3-9474-1A3956D46DE8}") = "src", "src", "{A3B4C5D6-E7F8-4900-AAAA-111122223333}"
EndProject
Project("{2150E333-8FDC-42A3-9474-1A3956D46DE8}") = "tests", "tests", "{B4C5D6E7-F8A9-4BBB-BBBB-222233334444}"
EndProject
Project("{FAE04EC0-301F-11D3-BF4B-00C04F79EFBC}") = "McpServer", "MCP\McpServer.csproj", "{9AFE3199-107E-4DEF-8EC1-A62C5654B2FC}"
EndProject
Project("{FAE04EC0-301F-11D3-BF4B-00C04F79EFBC}") = "Senff.EspelhoBancoDados.WebApi", "src\WebApi\Senff.EspelhoBancoDados.WebApi\Senff.EspelhoBancoDados.WebApi.csproj", "{3A21A0BA-2816-4285-98F1-B916643CE287}"
EndProject
Project("{FAE04EC0-301F-11D3-BF4B-00C04F79EFBC}") = "Senff.EspelhoBancoDados.Domain", "src\Domain\Senff.EspelhoBancoDados.Domain\Senff.EspelhoBancoDados.Domain.csproj", "{E1F463A7-5F63-490A-8458-0822D6390FCA}"
EndProject
Project("{FAE04EC0-301F-11D3-BF4B-00C04F79EFBC}") = "Senff.EspelhoBancoDados.Application", "src\Application\Senff.EspelhoBancoDados.Application\Senff.EspelhoBancoDados.Application.csproj", "{B85A71B5-F276-4A66-862A-BC7FC1700D15}"
EndProject
Project("{FAE04EC0-301F-11D3-BF4B-00C04F79EFBC}") = "Senff.EspelhoBancoDados.Infraestructure", "src\Infraestructure\Senff.EspelhoBancoDados.Infraestructure\Senff.EspelhoBancoDados.Infraestructure.csproj", "{6291FD92-0A4D-4062-BE2B-7083F29E88E4}"
EndProject
Project("{FAE04EC0-301F-11D3-BF4B-00C04F79EFBC}") = "Senff.EspelhoBancoDados.Infraestructure.CrossCutting", "src\Infraestructure\Senff.EspelhoBancoDados.Infraestructure.CrossCutting\Senff.EspelhoBancoDados.Infraestructure.CrossCutting.csproj", "{915AA3F1-9091-489C-853D-73FCCC8F3371}"
EndProject
Project("{FAE04EC0-301F-11D3-BF4B-00C04F79EFBC}") = "Senff.EspelhoBancoDados.Infraestructure.CrossCutting.IoC", "src\Infraestructure\Senff.EspelhoBancoDados.Infraestructure.CrossCutting.IoC\Senff.EspelhoBancoDados.Infraestructure.CrossCutting.IoC.csproj", "{D64C559B-2077-4C00-80D1-97B9FD8E9DA0}"
EndProject
Project("{FAE04EC0-301F-11D3-BF4B-00C04F79EFBC}") = "Senff.EspelhoBancoDados.Infraestructure.EventBus", "src\Infraestructure\Senff.EspelhoBancoDados.Infraestructure.EventBus\Senff.EspelhoBancoDados.Infraestructure.EventBus.csproj", "{C5878CB8-8CFD-42A7-8129-AA0C6006715C}"
EndProject
Project("{FAE04EC0-301F-11D3-BF4B-00C04F79EFBC}") = "Senff.EspelhoBancoDados.Infraestructure.Legado", "src\Infraestructure\Senff.EspelhoBancoDados.Infraestructure.Legado\Senff.EspelhoBancoDados.Infraestructure.Legado.csproj", "{9C8AB80D-3DCF-4FC2-B705-00F1A316AFC4}"
EndProject
Project("{FAE04EC0-301F-11D3-BF4B-00C04F79EFBC}") = "Senff.EspelhoBancoDados.Infraestructure.MessageBus", "src\Infraestructure\Senff.EspelhoBancoDados.Infraestructure.MessageBus\Senff.EspelhoBancoDados.Infraestructure.MessageBus.csproj", "{6E2E650A-91A9-482F-84A3-A34EADCE3287}"
EndProject
Project("{FAE04EC0-301F-11D3-BF4B-00C04F79EFBC}") = "Senff.EspelhoBancoDados.WorkerService", "src\WorkerService\Senff.EspelhoBancoDados.WorkerService\Senff.EspelhoBancoDados.WorkerService.csproj", "{E24C1289-A7BF-45B5-A5F9-06DDC7DBC3E4}"
EndProject
Project("{FAE04EC0-301F-11D3-BF4B-00C04F79EFBC}") = "Senff.EspelhoBancoDados.Hangfire", "src\Hangfire\Senff.EspelhoBancoDados.Hangfire\Senff.EspelhoBancoDados.Hangfire.csproj", "{00495F8B-A24F-45FC-B785-F2974B1023E1}"
EndProject
Project("{FAE04EC0-301F-11D3-BF4B-00C04F79EFBC}") = "Senff.EspelhoBancoDados.Worker.LimparLogs", "Senff.EspelhoBancoDados.Worker.LimparLogs\Senff.EspelhoBancoDados.Worker.LimparLogs.csproj", "{60AC8177-5940-4768-BC95-A5376ED994E0}"
EndProject
Project("{FAE04EC0-301F-11D3-BF4B-00C04F79EFBC}") = "McpServer.Tests", "tests\McpServer.Tests\McpServer.Tests.csproj", "{6AB6444C-862E-44B4-B972-EF988E40E9FD}"
EndProject
Project("{2150E333-8FDC-42A3-9474-1A3956D46DE8}") = "API", "API", "{02EA681E-C7D8-13C7-8484-4AC65E1B71E8}"
EndProject
Project("{2150E333-8FDC-42A3-9474-1A3956D46DE8}") = "Application", "Application", "{4E674381-0AC5-4C4C-AD60-948720969557}"
EndProject
Project("{2150E333-8FDC-42A3-9474-1A3956D46DE8}") = "Domain", "Domain", "{BD1DC4A8-86CF-4333-875A-64C8F85E8CF8}"
EndProject
Project("{2150E333-8FDC-42A3-9474-1A3956D46DE8}") = "Hangfire", "Hangfire", "{43E556DC-BB5B-49F4-80C5-2C3597FBDAB6}"
EndProject
Project("{2150E333-8FDC-42A3-9474-1A3956D46DE8}") = "Infraestructure", "Infraestructure", "{7BAEA265-210E-4E41-843A-6A075C634DEB}"
EndProject
Project("{2150E333-8FDC-42A3-9474-1A3956D46DE8}") = "Workers", "Workers", "{4093B2E5-7250-4B17-8684-124D2660992A}"
EndProject
Global
	GlobalSection(SolutionConfigurationPlatforms) = preSolution
		Debug|Any CPU = Debug|Any CPU
		Debug|x64 = Debug|x64
		Debug|x86 = Debug|x86
		Release|Any CPU = Release|Any CPU
		Release|x64 = Release|x64
		Release|x86 = Release|x86
	EndGlobalSection
	GlobalSection(ProjectConfigurationPlatforms) = postSolution
		{9AFE3199-107E-4DEF-8EC1-A62C5654B2FC}.Debug|Any CPU.ActiveCfg = Debug|Any CPU
		{9AFE3199-107E-4DEF-8EC1-A62C5654B2FC}.Debug|Any CPU.Build.0 = Debug|Any CPU
		{9AFE3199-107E-4DEF-8EC1-A62C5654B2FC}.Debug|x64.ActiveCfg = Debug|Any CPU
		{9AFE3199-107E-4DEF-8EC1-A62C5654B2FC}.Debug|x64.Build.0 = Debug|Any CPU
		{9AFE3199-107E-4DEF-8EC1-A62C5654B2FC}.Debug|x86.ActiveCfg = Debug|Any CPU
		{9AFE3199-107E-4DEF-8EC1-A62C5654B2FC}.Debug|x86.Build.0 = Debug|Any CPU
		{9AFE3199-107E-4DEF-8EC1-A62C5654B2FC}.Release|Any CPU.ActiveCfg = Release|Any CPU
		{9AFE3199-107E-4DEF-8EC1-A62C5654B2FC}.Release|Any CPU.Build.0 = Release|Any CPU
		{9AFE3199-107E-4DEF-8EC1-A62C5654B2FC}.Release|x64.ActiveCfg = Release|Any CPU
		{9AFE3199-107E-4DEF-8EC1-A62C5654B2FC}.Release|x64.Build.0 = Release|Any CPU
		{9AFE3199-107E-4DEF-8EC1-A62C5654B2FC}.Release|x86.ActiveCfg = Release|Any CPU
		{9AFE3199-107E-4DEF-8EC1-A62C5654B2FC}.Release|x86.Build.0 = Release|Any CPU
		{3A21A0BA-2816-4285-98F1-B916643CE287}.Debug|Any CPU.ActiveCfg = Debug|Any CPU
		{3A21A0BA-2816-4285-98F1-B916643CE287}.Debug|Any CPU.Build.0 = Debug|Any CPU
		{3A21A0BA-2816-4285-98F1-B916643CE287}.Debug|x64.ActiveCfg = Debug|Any CPU
		{3A21A0BA-2816-4285-98F1-B916643CE287}.Debug|x64.Build.0 = Debug|Any CPU
		{3A21A0BA-2816-4285-98F1-B916643CE287}.Debug|x86.ActiveCfg = Debug|Any CPU
		{3A21A0BA-2816-4285-98F1-B916643CE287}.Debug|x86.Build.0 = Debug|Any CPU
		{3A21A0BA-2816-4285-98F1-B916643CE287}.Release|Any CPU.ActiveCfg = Release|Any CPU
		{3A21A0BA-2816-4285-98F1-B916643CE287}.Release|Any CPU.Build.0 = Release|Any CPU
		{3A21A0BA-2816-4285-98F1-B916643CE287}.Release|x64.ActiveCfg = Release|Any CPU
		{3A21A0BA-2816-4285-98F1-B916643CE287}.Release|x64.Build.0 = Release|Any CPU
		{3A21A0BA-2816-4285-98F1-B916643CE287}.Release|x86.ActiveCfg = Release|Any CPU
		{3A21A0BA-2816-4285-98F1-B916643CE287}.Release|x86.Build.0 = Release|Any CPU
		{E1F463A7-5F63-490A-8458-0822D6390FCA}.Debug|Any CPU.ActiveCfg = Debug|Any CPU
		{E1F463A7-5F63-490A-8458-0822D6390FCA}.Debug|Any CPU.Build.0 = Debug|Any CPU
		{E1F463A7-5F63-490A-8458-0822D6390FCA}.Debug|x64.ActiveCfg = Debug|Any CPU
		{E1F463A7-5F63-490A-8458-0822D6390FCA}.Debug|x64.Build.0 = Debug|Any CPU
		{E1F463A7-5F63-490A-8458-0822D6390FCA}.Debug|x86.ActiveCfg = Debug|Any CPU
		{E1F463A7-5F63-490A-8458-0822D6390FCA}.Debug|x86.Build.0 = Debug|Any CPU
		{E1F463A7-5F63-490A-8458-0822D6390FCA}.Release|Any CPU.ActiveCfg = Release|Any CPU
		{E1F463A7-5F63-490A-8458-0822D6390FCA}.Release|Any CPU.Build.0 = Release|Any CPU
		{E1F463A7-5F63-490A-8458-0822D6390FCA}.Release|x64.ActiveCfg = Release|Any CPU
		{E1F463A7-5F63-490A-8458-0822D6390FCA}.Release|x64.Build.0 = Release|Any CPU
		{E1F463A7-5F63-490A-8458-0822D6390FCA}.Release|x86.ActiveCfg = Release|Any CPU
		{E1F463A7-5F63-490A-8458-0822D6390FCA}.Release|x86.Build.0 = Release|Any CPU
		{B85A71B5-F276-4A66-862A-BC7FC1700D15}.Debug|Any CPU.ActiveCfg = Debug|Any CPU
		{B85A71B5-F276-4A66-862A-BC7FC1700D15}.Debug|Any CPU.Build.0 = Debug|Any CPU
		{B85A71B5-F276-4A66-862A-BC7FC1700D15}.Debug|x64.ActiveCfg = Debug|Any CPU
		{B85A71B5-F276-4A66-862A-BC7FC1700D15}.Debug|x64.Build.0 = Debug|Any CPU
		{B85A71B5-F276-4A66-862A-BC7FC1700D15}.Debug|x86.ActiveCfg = Debug|Any CPU
		{B85A71B5-F276-4A66-862A-BC7FC1700D15}.Debug|x86.Build.0 = Debug|Any CPU
		{B85A71B5-F276-4A66-862A-BC7FC1700D15}.Release|Any CPU.ActiveCfg = Release|Any CPU
		{B85A71B5-F276-4A66-862A-BC7FC1700D15}.Release|Any CPU.Build.0 = Release|Any CPU
		{B85A71B5-F276-4A66-862A-BC7FC1700D15}.Release|x64.ActiveCfg = Release|Any CPU
		{B85A71B5-F276-4A66-862A-BC7FC1700D15}.Release|x64.Build.0 = Release|Any CPU
		{B85A71B5-F276-4A66-862A-BC7FC1700D15}.Release|x86.ActiveCfg = Release|Any CPU
		{B85A71B5-F276-4A66-862A-BC7FC1700D15}.Release|x86.Build.0 = Release|Any CPU
		{6291FD92-0A4D-4062-BE2B-7083F29E88E4}.Debug|Any CPU.ActiveCfg = Debug|Any CPU
		{6291FD92-0A4D-4062-BE2B-7083F29E88E4}.Debug|Any CPU.Build.0 = Debug|Any CPU
		{6291FD92-0A4D-4062-BE2B-7083F29E88E4}.Debug|x64.ActiveCfg = Debug|Any CPU
		{6291FD92-0A4D-4062-BE2B-7083F29E88E4}.Debug|x64.Build.0 = Debug|Any CPU
		{6291FD92-0A4D-4062-BE2B-7083F29E88E4}.Debug|x86.ActiveCfg = Debug|Any CPU
		{6291FD92-0A4D-4062-BE2B-7083F29E88E4}.Debug|x86.Build.0 = Debug|Any CPU
		{6291FD92-0A4D-4062-BE2B-7083F29E88E4}.Release|Any CPU.ActiveCfg = Release|Any CPU
		{6291FD92-0A4D-4062-BE2B-7083F29E88E4}.Release|Any CPU.Build.0 = Release|Any CPU
		{6291FD92-0A4D-4062-BE2B-7083F29E88E4}.Release|x64.ActiveCfg = Release|Any CPU
		{6291FD92-0A4D-4062-BE2B-7083F29E88E4}.Release|x64.Build.0 = Release|Any CPU
		{6291FD92-0A4D-4062-BE2B-7083F29E88E4}.Release|x86.ActiveCfg = Release|Any CPU
		{6291FD92-0A4D-4062-BE2B-7083F29E88E4}.Release|x86.Build.0 = Release|Any CPU
		{915AA3F1-9091-489C-853D-73FCCC8F3371}.Debug|Any CPU.ActiveCfg = Debug|Any CPU
		{915AA3F1-9091-489C-853D-73FCCC8F3371}.Debug|Any CPU.Build.0 = Debug|Any CPU
		{915AA3F1-9091-489C-853D-73FCCC8F3371}.Debug|x64.ActiveCfg = Debug|Any CPU
		{915AA3F1-9091-489C-853D-73FCCC8F3371}.Debug|x64.Build.0 = Debug|Any CPU
		{915AA3F1-9091-489C-853D-73FCCC8F3371}.Debug|x86.ActiveCfg = Debug|Any CPU
		{915AA3F1-9091-489C-853D-73FCCC8F3371}.Debug|x86.Build.0 = Debug|Any CPU
		{915AA3F1-9091-489C-853D-73FCCC8F3371}.Release|Any CPU.ActiveCfg = Release|Any CPU
		{915AA3F1-9091-489C-853D-73FCCC8F3371}.Release|Any CPU.Build.0 = Release|Any CPU
		{915AA3F1-9091-489C-853D-73FCCC8F3371}.Release|x64.ActiveCfg = Release|Any CPU
		{915AA3F1-9091-489C-853D-73FCCC8F3371}.Release|x64.Build.0 = Release|Any CPU
		{915AA3F1-9091-489C-853D-73FCCC8F3371}.Release|x86.ActiveCfg = Release|Any CPU
		{915AA3F1-9091-489C-853D-73FCCC8F3371}.Release|x86.Build.0 = Release|Any CPU
		{D64C559B-2077-4C00-80D1-97B9FD8E9DA0}.Debug|Any CPU.ActiveCfg = Debug|Any CPU
		{D64C559B-2077-4C00-80D1-97B9FD8E9DA0}.Debug|Any CPU.Build.0 = Debug|Any CPU
		{D64C559B-2077-4C00-80D1-97B9FD8E9DA0}.Debug|x64.ActiveCfg = Debug|Any CPU
		{D64C559B-2077-4C00-80D1-97B9FD8E9DA0}.Debug|x64.Build.0 = Debug|Any CPU
		{D64C559B-2077-4C00-80D1-97B9FD8E9DA0}.Debug|x86.ActiveCfg = Debug|Any CPU
		{D64C559B-2077-4C00-80D1-97B9FD8E9DA0}.Debug|x86.Build.0 = Debug|Any CPU
		{D64C559B-2077-4C00-80D1-97B9FD8E9DA0}.Release|Any CPU.ActiveCfg = Release|Any CPU
		{D64C559B-2077-4C00-80D1-97B9FD8E9DA0}.Release|Any CPU.Build.0 = Release|Any CPU
		{D64C559B-2077-4C00-80D1-97B9FD8E9DA0}.Release|x64.ActiveCfg = Release|Any CPU
		{D64C559B-2077-4C00-80D1-97B9FD8E9DA0}.Release|x64.Build.0 = Release|Any CPU
		{D64C559B-2077-4C00-80D1-97B9FD8E9DA0}.Release|x86.ActiveCfg = Release|Any CPU
		{D64C559B-2077-4C00-80D1-97B9FD8E9DA0}.Release|x86.Build.0 = Release|Any CPU
		{C5878CB8-8CFD-42A7-8129-AA0C6006715C}.Debug|Any CPU.ActiveCfg = Debug|Any CPU
		{C5878CB8-8CFD-42A7-8129-AA0C6006715C}.Debug|Any CPU.Build.0 = Debug|Any CPU
		{C5878CB8-8CFD-42A7-8129-AA0C6006715C}.Debug|x64.ActiveCfg = Debug|Any CPU
		{C5878CB8-8CFD-42A7-8129-AA0C6006715C}.Debug|x64.Build.0 = Debug|Any CPU
		{C5878CB8-8CFD-42A7-8129-AA0C6006715C}.Debug|x86.ActiveCfg = Debug|Any CPU
		{C5878CB8-8CFD-42A7-8129-AA0C6006715C}.Debug|x86.Build.0 = Debug|Any CPU
		{C5878CB8-8CFD-42A7-8129-AA0C6006715C}.Release|Any CPU.ActiveCfg = Release|Any CPU
		{C5878CB8-8CFD-42A7-8129-AA0C6006715C}.Release|Any CPU.Build.0 = Release|Any CPU
		{C5878CB8-8CFD-42A7-8129-AA0C6006715C}.Release|x64.ActiveCfg = Release|Any CPU
		{C5878CB8-8CFD-42A7-8129-AA0C6006715C}.Release|x64.Build.0 = Release|Any CPU
		{C5878CB8-8CFD-42A7-8129-AA0C6006715C}.Release|x86.ActiveCfg = Release|Any CPU
		{C5878CB8-8CFD-42A7-8129-AA0C6006715C}.Release|x86.Build.0 = Release|Any CPU
		{9C8AB80D-3DCF-4FC2-B705-00F1A316AFC4}.Debug|Any CPU.ActiveCfg = Debug|Any CPU
		{9C8AB80D-3DCF-4FC2-B705-00F1A316AFC4}.Debug|Any CPU.Build.0 = Debug|Any CPU
		{9C8AB80D-3DCF-4FC2-B705-00F1A316AFC4}.Debug|x64.ActiveCfg = Debug|Any CPU
		{9C8AB80D-3DCF-4FC2-B705-00F1A316AFC4}.Debug|x64.Build.0 = Debug|Any CPU
		{9C8AB80D-3DCF-4FC2-B705-00F1A316AFC4}.Debug|x86.ActiveCfg = Debug|Any CPU
		{9C8AB80D-3DCF-4FC2-B705-00F1A316AFC4}.Debug|x86.Build.0 = Debug|Any CPU
		{9C8AB80D-3DCF-4FC2-B705-00F1A316AFC4}.Release|Any CPU.ActiveCfg = Release|Any CPU
		{9C8AB80D-3DCF-4FC2-B705-00F1A316AFC4}.Release|Any CPU.Build.0 = Release|Any CPU
		{9C8AB80D-3DCF-4FC2-B705-00F1A316AFC4}.Release|x64.ActiveCfg = Release|Any CPU
		{9C8AB80D-3DCF-4FC2-B705-00F1A316AFC4}.Release|x64.Build.0 = Release|Any CPU
		{9C8AB80D-3DCF-4FC2-B705-00F1A316AFC4}.Release|x86.ActiveCfg = Release|Any CPU
		{9C8AB80D-3DCF-4FC2-B705-00F1A316AFC4}.Release|x86.Build.0 = Release|Any CPU
		{6E2E650A-91A9-482F-84A3-A34EADCE3287}.Debug|Any CPU.ActiveCfg = Debug|Any CPU
		{6E2E650A-91A9-482F-84A3-A34EADCE3287}.Debug|Any CPU.Build.0 = Debug|Any CPU
		{6E2E650A-91A9-482F-84A3-A34EADCE3287}.Debug|x64.ActiveCfg = Debug|Any CPU
		{6E2E650A-91A9-482F-84A3-A34EADCE3287}.Debug|x64.Build.0 = Debug|Any CPU
		{6E2E650A-91A9-482F-84A3-A34EADCE3287}.Debug|x86.ActiveCfg = Debug|Any CPU
		{6E2E650A-91A9-482F-84A3-A34EADCE3287}.Debug|x86.Build.0 = Debug|Any CPU
		{6E2E650A-91A9-482F-84A3-A34EADCE3287}.Release|Any CPU.ActiveCfg = Release|Any CPU
		{6E2E650A-91A9-482F-84A3-A34EADCE3287}.Release|Any CPU.Build.0 = Release|Any CPU
		{6E2E650A-91A9-482F-84A3-A34EADCE3287}.Release|x64.ActiveCfg = Release|Any CPU
		{6E2E650A-91A9-482F-84A3-A34EADCE3287}.Release|x64.Build.0 = Release|Any CPU
		{6E2E650A-91A9-482F-84A3-A34EADCE3287}.Release|x86.ActiveCfg = Release|Any CPU
		{6E2E650A-91A9-482F-84A3-A34EADCE3287}.Release|x86.Build.0 = Release|Any CPU
		{E24C1289-A7BF-45B5-A5F9-06DDC7DBC3E4}.Debug|Any CPU.ActiveCfg = Debug|Any CPU
		{E24C1289-A7BF-45B5-A5F9-06DDC7DBC3E4}.Debug|Any CPU.Build.0 = Debug|Any CPU
		{E24C1289-A7BF-45B5-A5F9-06DDC7DBC3E4}.Debug|x64.ActiveCfg = Debug|Any CPU
		{E24C1289-A7BF-45B5-A5F9-06DDC7DBC3E4}.Debug|x64.Build.0 = Debug|Any CPU
		{E24C1289-A7BF-45B5-A5F9-06DDC7DBC3E4}.Debug|x86.ActiveCfg = Debug|Any CPU
		{E24C1289-A7BF-45B5-A5F9-06DDC7DBC3E4}.Debug|x86.Build.0 = Debug|Any CPU
		{E24C1289-A7BF-45B5-A5F9-06DDC7DBC3E4}.Release|Any CPU.ActiveCfg = Release|Any CPU
		{E24C1289-A7BF-45B5-A5F9-06DDC7DBC3E4}.Release|Any CPU.Build.0 = Release|Any CPU
		{E24C1289-A7BF-45B5-A5F9-06DDC7DBC3E4}.Release|x64.ActiveCfg = Release|Any CPU
		{E24C1289-A7BF-45B5-A5F9-06DDC7DBC3E4}.Release|x64.Build.0 = Release|Any CPU
		{E24C1289-A7BF-45B5-A5F9-06DDC7DBC3E4}.Release|x86.ActiveCfg = Release|Any CPU
		{E24C1289-A7BF-45B5-A5F9-06DDC7DBC3E4}.Release|x86.Build.0 = Release|Any CPU
		{00495F8B-A24F-45FC-B785-F2974B1023E1}.Debug|Any CPU.ActiveCfg = Debug|Any CPU
		{00495F8B-A24F-45FC-B785-F2974B1023E1}.Debug|Any CPU.Build.0 = Debug|Any CPU
		{00495F8B-A24F-45FC-B785-F2974B1023E1}.Debug|x64.ActiveCfg = Debug|Any CPU
		{00495F8B-A24F-45FC-B785-F2974B1023E1}.Debug|x64.Build.0 = Debug|Any CPU
		{00495F8B-A24F-45FC-B785-F2974B1023E1}.Debug|x86.ActiveCfg = Debug|Any CPU
		{00495F8B-A24F-45FC-B785-F2974B1023E1}.Debug|x86.Build.0 = Debug|Any CPU
		{00495F8B-A24F-45FC-B785-F2974B1023E1}.Release|Any CPU.ActiveCfg = Release|Any CPU
		{00495F8B-A24F-45FC-B785-F2974B1023E1}.Release|Any CPU.Build.0 = Release|Any CPU
		{00495F8B-A24F-45FC-B785-F2974B1023E1}.Release|x64.ActiveCfg = Release|Any CPU
		{00495F8B-A24F-45FC-B785-F2974B1023E1}.Release|x64.Build.0 = Release|Any CPU
		{00495F8B-A24F-45FC-B785-F2974B1023E1}.Release|x86.ActiveCfg = Release|Any CPU
		{00495F8B-A24F-45FC-B785-F2974B1023E1}.Release|x86.Build.0 = Release|Any CPU
		{60AC8177-5940-4768-BC95-A5376ED994E0}.Debug|Any CPU.ActiveCfg = Debug|Any CPU
		{60AC8177-5940-4768-BC95-A5376ED994E0}.Debug|Any CPU.Build.0 = Debug|Any CPU
		{60AC8177-5940-4768-BC95-A5376ED994E0}.Debug|x64.ActiveCfg = Debug|Any CPU
		{60AC8177-5940-4768-BC95-A5376ED994E0}.Debug|x64.Build.0 = Debug|Any CPU
		{60AC8177-5940-4768-BC95-A5376ED994E0}.Debug|x86.ActiveCfg = Debug|Any CPU
		{60AC8177-5940-4768-BC95-A5376ED994E0}.Debug|x86.Build.0 = Debug|Any CPU
		{60AC8177-5940-4768-BC95-A5376ED994E0}.Release|Any CPU.ActiveCfg = Release|Any CPU
		{60AC8177-5940-4768-BC95-A5376ED994E0}.Release|Any CPU.Build.0 = Release|Any CPU
		{60AC8177-5940-4768-BC95-A5376ED994E0}.Release|x64.ActiveCfg = Release|Any CPU
		{60AC8177-5940-4768-BC95-A5376ED994E0}.Release|x64.Build.0 = Release|Any CPU
		{60AC8177-5940-4768-BC95-A5376ED994E0}.Release|x86.ActiveCfg = Release|Any CPU
		{60AC8177-5940-4768-BC95-A5376ED994E0}.Release|x86.Build.0 = Release|Any CPU
		{6AB6444C-862E-44B4-B972-EF988E40E9FD}.Debug|Any CPU.ActiveCfg = Debug|Any CPU
		{6AB6444C-862E-44B4-B972-EF988E40E9FD}.Debug|Any CPU.Build.0 = Debug|Any CPU
		{6AB6444C-862E-44B4-B972-EF988E40E9FD}.Debug|x64.ActiveCfg = Debug|Any CPU
		{6AB6444C-862E-44B4-B972-EF988E40E9FD}.Debug|x64.Build.0 = Debug|Any CPU
		{6AB6444C-862E-44B4-B972-EF988E40E9FD}.Debug|x86.ActiveCfg = Debug|Any CPU
		{6AB6444C-862E-44B4-B972-EF988E40E9FD}.Debug|x86.Build.0 = Debug|Any CPU
		{6AB6444C-862E-44B4-B972-EF988E40E9FD}.Release|Any CPU.ActiveCfg = Release|Any CPU
		{6AB6444C-862E-44B4-B972-EF988E40E9FD}.Release|Any CPU.Build.0 = Release|Any CPU
		{6AB6444C-862E-44B4-B972-EF988E40E9FD}.Release|x64.ActiveCfg = Release|Any CPU
		{6AB6444C-862E-44B4-B972-EF988E40E9FD}.Release|x64.Build.0 = Release|Any CPU
		{6AB6444C-862E-44B4-B972-EF988E40E9FD}.Release|x86.ActiveCfg = Release|Any CPU
		{6AB6444C-862E-44B4-B972-EF988E40E9FD}.Release|x86.Build.0 = Release|Any CPU
	EndGlobalSection
	GlobalSection(SolutionProperties) = preSolution
		HideSolutionNode = FALSE
	EndGlobalSection
	GlobalSection(NestedProjects) = preSolution
		{9AFE3199-107E-4DEF-8EC1-A62C5654B2FC} = {60D02A9B-BD8A-21E2-79E7-27A6B3D0EB49}
		{3A21A0BA-2816-4285-98F1-B916643CE287} = {02EA681E-C7D8-13C7-8484-4AC65E1B71E8}
		{E1F463A7-5F63-490A-8458-0822D6390FCA} = {BD1DC4A8-86CF-4333-875A-64C8F85E8CF8}
		{B85A71B5-F276-4A66-862A-BC7FC1700D15} = {4E674381-0AC5-4C4C-AD60-948720969557}
		{6291FD92-0A4D-4062-BE2B-7083F29E88E4} = {7BAEA265-210E-4E41-843A-6A075C634DEB}
		{915AA3F1-9091-489C-853D-73FCCC8F3371} = {7BAEA265-210E-4E41-843A-6A075C634DEB}
		{D64C559B-2077-4C00-80D1-97B9FD8E9DA0} = {7BAEA265-210E-4E41-843A-6A075C634DEB}
		{C5878CB8-8CFD-42A7-8129-AA0C6006715C} = {7BAEA265-210E-4E41-843A-6A075C634DEB}
		{9C8AB80D-3DCF-4FC2-B705-00F1A316AFC4} = {7BAEA265-210E-4E41-843A-6A075C634DEB}
		{6E2E650A-91A9-482F-84A3-A34EADCE3287} = {7BAEA265-210E-4E41-843A-6A075C634DEB}
		{E24C1289-A7BF-45B5-A5F9-06DDC7DBC3E4} = {4093B2E5-7250-4B17-8684-124D2660992A}
		{00495F8B-A24F-45FC-B785-F2974B1023E1} = {43E556DC-BB5B-49F4-80C5-2C3597FBDAB6}
		{60AC8177-5940-4768-BC95-A5376ED994E0} = {4093B2E5-7250-4B17-8684-124D2660992A}
		{6AB6444C-862E-44B4-B972-EF988E40E9FD} = {B4C5D6E7-F8A9-4BBB-BBBB-222233334444}
		{02EA681E-C7D8-13C7-8484-4AC65E1B71E8} = {A3B4C5D6-E7F8-4900-AAAA-111122223333}
		{4E674381-0AC5-4C4C-AD60-948720969557} = {A3B4C5D6-E7F8-4900-AAAA-111122223333}
		{BD1DC4A8-86CF-4333-875A-64C8F85E8CF8} = {A3B4C5D6-E7F8-4900-AAAA-111122223333}
		{43E556DC-BB5B-49F4-80C5-2C3597FBDAB6} = {A3B4C5D6-E7F8-4900-AAAA-111122223333}
		{7BAEA265-210E-4E41-843A-6A075C634DEB} = {A3B4C5D6-E7F8-4900-AAAA-111122223333}
		{4093B2E5-7250-4B17-8684-124D2660992A} = {A3B4C5D6-E7F8-4900-AAAA-111122223333}
	EndGlobalSection
EndGlobal
